# This file is automatically @generated by Poetry 2.2.1 and should not be changed by hand.

[[package]]
name = "et-xmlfile"
version = "2.0.0"
description = "An implementation of lxml.xmlfile for the standard library"
optional = false
python-versions = ">=3.8"
groups = ["main"]
files = [
    {file = "et_xmlfile-2.0.0-py3-none-any.whl", hash = "sha256:7a91720bc756843502c3b7504c77b8fe44217c85c537d85037f0f536151b2caa"},
    {file = "et_xmlfile-2.0.0.tar.gz", hash = "sha256:dab3f4764309081ce75662649be815c4c9081e88f0837825f90fd28317d4da54"},
]

[[package]]
name = "highspy"
version = "1.11.0"
description = "A thin set of pybind11 wrappers to HiGHS"
optional = false
python-versions = ">=3.8"
groups = ["main"]
files = [
    {file = "highspy-1.11.0-cp310-cp310-macosx_10_9_x86_64.whl", hash = "sha256:77b66e3e93aad385ce100cd24dd44390a0e3002b46b8fed57a7c9e469bae6a92"},
    {file = "highspy-1.11.0-cp310-cp310-macosx_11_0_arm64.whl", hash = "sha256:95012a8457fc6a375e336c259cdcd864e2c47f5177c6fd4eca1a384b32166d28"},
    {file = "highspy-1.11.0-cp310-cp310-manylinux_2_17_aarch64.manylinux2014_aarch64.whl", hash = "sha256:e2d86838c34dd715d3337cba72ff5ccadedd4cd0dcf2b51770aab45ac0883df3"},
    {file = "highspy-1.11.0-cp310-cp310-manylinux_2_17_i686.manylinux2014_i686.whl", hash = "sha256:3659e2439b26a80c4a0c1efafb433bea1b12c6eb1e58db2f9379bbfc625431b3"},
    {file = "highspy-1.11.0-cp310-cp310-manylinux_2_17_x86_64.manylinux2014_x86_64.whl", hash = "sha256:0956890de1c257c750bdf56910bb008115b2c2d3cc7a150d75f55a187c6ecfe3"},
    {file = "highspy-1.11.0-cp310-cp310-musllinux_1_2_aarch64.whl", hash = "sha256:f81e3d49afd06fe3e94bc3e059b81310f04353407138d8b0d0a16f1c6ec86de5"},
    {file = "highspy-1.11.0-cp310-cp310-musllinux_1_2_i686.whl", hash = "sha256:812cc0b3ac160f4a1d8034e5041420d32fdf2319c245bd24d0a0714b08060c1b"},
    {file = "highspy-1.11.0-cp310-cp310-musllinux_1_2_x86_64.whl", hash = "sha256:6d06df7da798a76657ed9b7d169f8fc8a97857622f96ca0bf5f6747df6005bee"},
    {file = "highspy-1.11.0-cp310-cp310-win32.whl", hash = "sha256:7edf812e060895b515cf1e701915f5b2a37e81f9adabe3ffbb9dfccb098e1da9"},
    {file = "highspy-1.11.0-cp310-cp310-win_amd64.whl", hash = "sha256:5d341d7bcb51a729e39253fcddc5b1dad1d8f2f29525640116a50cbad90e9f21"},
    {file = "highspy-1.11.0-cp311-cp311-macosx_10_9_x86_64.whl", hash = "sha256:5313b093a47c0b473089f0ad059625731c88552b53624208362b2fca32313545"},
    {file = "highspy-1.11.0-cp311-cp311-macosx_11_0_arm64.whl", hash = "sha256:8bb768753bdb98c03c3878823174db9e54a9ce15a28f0034d6a678fa1264865b"},
    {file = "highspy-1.11.0-cp311-cp311-manylinux_2_17_aarch64.manylinux2014_aarch64.whl", hash = "sha256:169de5b94fc2520ec950d3c21ba506b9a0d6a6deec6e378491a3d78026d283b5"},
    {file = "highspy-1.11.0-cp311-cp311-manylinux_2_17_i686.manylinux2014_i686.whl", hash = "sha256:36ed5813fc0a6108b4f610315bb5a415b1a80eb8ce392a26af7959c1de82a6c6"},
    {file = "highspy-1.11.0-cp311-cp311-manylinux_2_17_x86_64.manylinux2014_x86_64.whl", hash = "sha256:095c2a764fde585a50bbd5523a175ddb385c57027d90da43247d75ea6ef2876c"},
    {file = "highspy-1.11.0-cp311-cp311-musllinux_1_2_aarch64.whl", hash = "sha256:493453d5cfb0be31a1d8764fbee356049a7888a19636f1b3e0f3b560d5f0be83"},
    {file = "highspy-1.11.0-cp311-cp311-musllinux_1_2_i686.whl", hash = "sha256:5a97b0e506bdfae0098f331caa4a058d7718f4c5bafea16bab8541d175510dda"},
    {file = "highspy-1.11.0-cp311-cp311-musllinux_1_2_x86_64.whl", hash = "sha256:ae3c113a1e3e0dd63be71ea49a5646d901600dddf7d354ec39577799a060703b"},
    {file = "highspy-1.11.0-cp311-cp311-win32.whl", hash = "sha256:4678de85867eda0350dfbf954aed8e5f02fa6b9c3e2d5eda319e8cd18c775513"},
    {file = "highspy-1.11.0-cp311-cp311-win_amd64.whl", hash = "sha256:07cbe4ffe9f07a920edf764d006b0e9c4743eca06ec3db9304cba55209b90c70"},
    {file = "highspy-1.11.0-cp312-cp312-macosx_10_13_x86_64.whl", hash = "sha256:28fffd3e733833a7b2569df6761088046e8aca868ab328828711dbe15b102ad4"},
    {file = "highspy-1.11.0-cp312-cp312-macosx_11_0_arm64.whl", hash = "sha256:20a3adf8820a5f7a9cee6fc76df625e651ecfd8b5898af2a77042e79269ce0bc"},
    {file = "highspy-1.11.0-cp312-cp312-manylinux_2_17_aarch64.manylinux2014_aarch64.whl", hash = "sha256:3d4bc0a84cf613bb8565f9b5f610eb0655384162f509b5d86f9c888570275fdc"},
    {file = "highspy-1.11.0-cp312-cp312-manylinux_2_17_i686.manylinux2014_i686.whl", hash = "sha256:543789b75c396a904cb550de34eb333f1a184e123dadc9903b5e6dbca18a007b"},
    {file = "highspy-1.11.0-cp312-cp312-manylinux_2_17_x86_64.manylinux2014_x86_64.whl", hash = "sha256:a23949e4f44b6df0ed8c387a7c733d683a0fa66e3ff15d65719979ce2099ee99"},
    {file = "highspy-1.11.0-cp312-cp312-musllinux_1_2_aarch64.whl", hash = "sha256:50dacf300ebe7c4dca92891c0bf61b694f2ca744207cf7d0d24f2a30ffb5608c"},
    {file = "highspy-1.11.0-cp312-cp312-musllinux_1_2_i686.whl", hash = "sha256:a782c242b4b047f86110787b0dafce9d77cc10f079adab1fd51c5331e5760127"},
    {file = "highspy-1.11.0-cp312-cp312-musllinux_1_2_x86_64.whl", hash = "sha256:15b804387089a389e5f01b056a4b3ad74c7d1cf00ab00a0faaf3b4a582bb664c"},
    {file = "highspy-1.11.0-cp312-cp312-win32.whl", hash = "sha256:8c33f68df8ab9666d379b0d64d04775c0a9db31882d4f87b3ec8cece0003b47d"},
    {file = "highspy-1.11.0-cp312-cp312-win_amd64.whl", hash = "sha256:a0aed8c80d33e2fc2eb1def75dbd34c9fa463acb589d19a5ed5dcc0178ae7062"},
    {file = "highspy-1.11.0-cp313-cp313-macosx_10_13_x86_64.whl", hash = "sha256:f675cda73860c7c8a22546db3c80db985720baea84866b08a971cfa03cc7a156"},
    {file = "highspy-1.11.0-cp313-cp313-macosx_11_0_arm64.whl", hash = "sha256:7babebfc01b7682c69c95e0520614ec9400e10cec1b84d3fb7cd48535c606244"},
    {file = "highspy-1.11.0-cp313-cp313-manylinux_2_17_aarch64.manylinux2014_aarch64.whl", hash = "sha256:39fb60d84d7a58e58f923ea6f0641e6978eb9049033b84de1a2add723e01cd3f"},
    {file = "highspy-1.11.0-cp313-cp313-manylinux_2_17_i686.manylinux2014_i686.whl", hash = "sha256:6c2e7cf4d504287cd8910de322a726d58428af43bb985d6bae602bf84a7454b9"},
    {file = "highspy-1.11.0-cp313-cp313-manylinux_2_17_x86_64.manylinux2014_x86_64.whl", hash = "sha256:79682aa7855d94106ccbbb750082d156dcbb57dff9d489f167320ae0ce768867"},
    {file = "highspy-1.11.0-cp313-cp313-musllinux_1_2_aarch64.whl", hash = "sha256:65232aa496fb27be56cc85b2c7c785fac866107c32ea00cc38ec474d6a9f6494"},
    {file = "highspy-1.11.0-cp313-cp313-musllinux_1_2_i686.whl", hash = "sha256:f78f27e18275d3c7868dcd0314ea535ed361322e7f0817363872d75a4cc15abc"},
    {file = "highspy-1.11.0-cp313-cp313-musllinux_1_2_x86_64.whl", hash = "sha256:6156a7d643268456427b6fe310626ad9ee9d908ff812cc64ee8bad7b9872ea98"},
    {file = "highspy-1.11.0-cp313-cp313-win32.whl", hash = "sha256:e61facebb0127eb3661db79a11c7665e47229ec63d2b425996d04aeede26d46b"},
    {file = "highspy-1.11.0-cp313-cp313-win_amd64.whl", hash = "sha256:ceac08be37f75dc0af95669a0cfb073e5db5f07ead05cdcc81fd4b4394708d53"},
    {file = "highspy-1.11.0-cp38-cp38-macosx_10_9_x86_64.whl", hash = "sha256:ed032e327f5d40e1f55cc49109bac975f315c39f4ae953fc558abaf23bf767e9"},
    {file = "highspy-1.11.0-cp38-cp38-macosx_11_0_arm64.whl", hash = "sha256:9d50934599182eefb184bda85541e1b5f061a905922bf890a6031ebad53c4890"},
    {file = "highspy-1.11.0-cp38-cp38-manylinux_2_17_aarch64.manylinux2014_aarch64.whl", hash = "sha256:6d919aee9c56f4ee677763d6ee3ba573fb331737811c07c1a35176639f0ed984"},
    {file = "highspy-1.11.0-cp38-cp38-manylinux_2_17_i686.manylinux2014_i686.whl", hash = "sha256:fcd9a19f3282c3e66fa59e1cd31fe22c77925df65fc808b65928d994d06ae5d5"},
    {file = "highspy-1.11.0-cp38-cp38-manylinux_2_17_x86_64.manylinux2014_x86_64.whl", hash = "sha256:42a72d950b98cbfaf98153f77b146912df5ff37939fca8560d38d892af37d950"},
    {file = "highspy-1.11.0-cp38-cp38-musllinux_1_2_aarch64.whl", hash = "sha256:fe7a1b4603e1a8c825b623602f37405f6a7b15515a90a01e1b05979f96169456"},
    {file = "highspy-1.11.0-cp38-cp38-musllinux_1_2_i686.whl", hash = "sha256:24f9b7dbf50f594b46954a1fc98311e97fec441b6fdcefa1276482770f096bbc"},
    {file = "highspy-1.11.0-cp38-cp38-musllinux_1_2_x86_64.whl", hash = "sha256:9cff681c34a89b5c15d2581eac4775e954dfef866f7210ff128d6f41ef3dc9da"},
    {file = "highspy-1.11.0-cp38-cp38-win32.whl", hash = "sha256:a8f82358c522e60f21e823b01f2f42b3e633b053ada5f3b0d685309af3f6b3f2"},
    {file = "highspy-1.11.0-cp38-cp38-win_amd64.whl", hash = "sha256:97f5a19669de57dcc9785501bc1580d2c74adf7f063a51abc312447a17db3275"},
    {file = "highspy-1.11.0-cp39-cp39-macosx_10_9_x86_64.whl", hash = "sha256:9ccef196179c996dfc643bad03ed45a6f5f3454e261856185c19d15e1312beae"},
    {file = "highspy-1.11.0-cp39-cp39-macosx_11_0_arm64.whl", hash = "sha256:cfab90bce58998721f5a4ea7775755a5780ac106def45f4f3e8ef624a1d53b22"},
    {file = "highspy-1.11.0-cp39-cp39-manylinux_2_17_aarch64.manylinux2014_aarch64.whl", hash = "sha256:c35e40a5e828fb6d64a9e41ca642d76dfe2864d42a29bc2e16779a8fd38d9e2e"},
    {file = "highspy-1.11.0-cp39-cp39-manylinux_2_17_i686.manylinux2014_i686.whl", hash = "sha256:5b3955c7ce8683200540a7124566b3d16ea4c999854593cb139fbc73d92ca0ec"},
    {file = "highspy-1.11.0-cp39-cp39-manylinux_2_17_x86_64.manylinux2014_x86_64.whl", hash = "sha256:538267f30ef0c8d080f7e81d117a6bfcb50e8cadf75872c9399c1060f0aac8a9"},
    {file = "highspy-1.11.0-cp39-cp39-musllinux_1_2_aarch64.whl", hash = "sha256:7dfff34964224ccacae6492422f7ef67783b32e9593279d499cd1475077568f8"},
    {file = "highspy-1.11.0-cp39-cp39-musllinux_1_2_i686.whl", hash = "sha256:da339ccb44bdccac5d22b2a1a8be15887b5caafa46860066656c1ce73b4cccb7"},
    {file = "highspy-1.11.0-cp39-cp39-musllinux_1_2_x86_64.whl", hash = "sha256:a24b34e49ff233c01e0460a2eea9114687792873c110bff7b1f4a1fee73fd789"},
    {file = "highspy-1.11.0-cp39-cp39-win32.whl", hash = "sha256:f454086657d66f2048af1e5f47bc6fd7886f4a6257fb607e6bfc6dd7e9a625be"},
    {file = "highspy-1.11.0-cp39-cp39-win_amd64.whl", hash = "sha256:cd08dc2da24ca33adaf370751aa8c8bb7fcc19109c000325d364e92a23609a28"},
    {file = "highspy-1.11.0.tar.gz", hash = "sha256:771e58c076122d207ff1b19759c21d3227f0da5b80dfd89a4145681524969cef"},
]

[package.dependencies]
numpy = "*"

[package.extras]
test = ["numpy", "pytest"]

[[package]]
name = "numpy"
version = "2.3.3"
description = "Fundamental package for array computing in Python"
optional = false
python-versions = ">=3.11"
groups = ["main"]
files = [
    {file = "numpy-2.3.3-cp311-cp311-macosx_10_9_x86_64.whl", hash = "sha256:0ffc4f5caba7dfcbe944ed674b7eef683c7e94874046454bb79ed7ee0236f59d"},
    {file = "numpy-2.3.3-cp311-cp311-macosx_11_0_arm64.whl", hash = "sha256:e7e946c7170858a0295f79a60214424caac2ffdb0063d4d79cb681f9aa0aa569"},
    {file = "numpy-2.3.3-cp311-cp311-macosx_14_0_arm64.whl", hash = "sha256:cd4260f64bc794c3390a63bf0728220dd1a68170c169088a1e0dfa2fde1be12f"},
    {file = "numpy-2.3.3-cp311-cp311-macosx_14_0_x86_64.whl", hash = "sha256:f0ddb4b96a87b6728df9362135e764eac3cfa674499943ebc44ce96c478ab125"},
    {file = "numpy-2.3.3-cp311-cp311-manylinux_2_27_aarch64.manylinux_2_28_aarch64.whl", hash = "sha256:afd07d377f478344ec6ca2b8d4ca08ae8bd44706763d1efb56397de606393f48"},
    {file = "numpy-2.3.3-cp311-cp311-manylinux_2_27_x86_64.manylinux_2_28_x86_64.whl", hash = "sha256:bc92a5dedcc53857249ca51ef29f5e5f2f8c513e22cfb90faeb20343b8c6f7a6"},
    {file = "numpy-2.3.3-cp311-cp311-musllinux_1_2_aarch64.whl", hash = "sha256:7af05ed4dc19f308e1d9fc759f36f21921eb7bbfc82843eeec6b2a2863a0aefa"},
    {file = "numpy-2.3.3-cp311-cp311-musllinux_1_2_x86_64.whl", hash = "sha256:433bf137e338677cebdd5beac0199ac84712ad9d630b74eceeb759eaa45ddf30"},
    {file = "numpy-2.3.3-cp311-cp311-win32.whl", hash = "sha256:eb63d443d7b4ffd1e873f8155260d7f58e7e4b095961b01c91062935c2491e57"},
    {file = "numpy-2.3.3-cp311-cp311-win_amd64.whl", hash = "sha256:ec9d249840f6a565f58d8f913bccac2444235025bbb13e9a4681783572ee3caa"},
    {file = "numpy-2.3.3-cp311-cp311-win_arm64.whl", hash = "sha256:74c2a948d02f88c11a3c075d9733f1ae67d97c6bdb97f2bb542f980458b257e7"},
    {file = "numpy-2.3.3-cp312-cp312-macosx_10_13_x86_64.whl", hash = "sha256:cfdd09f9c84a1a934cde1eec2267f0a43a7cd44b2cca4ff95b7c0d14d144b0bf"},
    {file = "numpy-2.3.3-cp312-cp312-macosx_11_0_arm64.whl", hash = "sha256:cb32e3cf0f762aee47ad1ddc6672988f7f27045b0783c887190545baba73aa25"},
    {file = "numpy-2.3.3-cp312-cp312-macosx_14_0_arm64.whl", hash = "sha256:396b254daeb0a57b1fe0ecb5e3cff6fa79a380fa97c8f7781a6d08cd429418fe"},
    {file = "numpy-2.3.3-cp312-cp312-macosx_14_0_x86_64.whl", hash = "sha256:067e3d7159a5d8f8a0b46ee11148fc35ca9b21f61e3c49fbd0a027450e65a33b"},
    {file = "numpy-2.3.3-cp312-cp312-manylinux_2_27_aarch64.manylinux_2_28_aarch64.whl", hash = "sha256:1c02d0629d25d426585fb2e45a66154081b9fa677bc92a881ff1d216bc9919a8"},
    {file = "numpy-2.3.3-cp312-cp312-manylinux_2_27_x86_64.manylinux_2_28_x86_64.whl", hash = "sha256:d9192da52b9745f7f0766531dcfa978b7763916f158bb63bdb8a1eca0068ab20"},
    {file = "numpy-2.3.3-cp312-cp312-musllinux_1_2_aarch64.whl", hash = "sha256:cd7de500a5b66319db419dc3c345244404a164beae0d0937283b907d8152e6ea"},
    {file = "numpy-2.3.3-cp312-cp312-musllinux_1_2_x86_64.whl", hash = "sha256:93d4962d8f82af58f0b2eb85daaf1b3ca23fe0a85d0be8f1f2b7bb46034e56d7"},
    {file = "numpy-2.3.3-cp312-cp312-win32.whl", hash = "sha256:5534ed6b92f9b7dca6c0a19d6df12d41c68b991cef051d108f6dbff3babc4ebf"},
    {file = "numpy-2.3.3-cp312-cp312-win_amd64.whl", hash = "sha256:497d7cad08e7092dba36e3d296fe4c97708c93daf26643a1ae4b03f6294d30eb"},
    {file = "numpy-2.3.3-cp312-cp312-win_arm64.whl", hash = "sha256:ca0309a18d4dfea6fc6262a66d06c26cfe4640c3926ceec90e57791a82b6eee5"},
    {file = "numpy-2.3.3-cp313-cp313-macosx_10_13_x86_64.whl", hash = "sha256:f5415fb78995644253370985342cd03572ef8620b934da27d77377a2285955bf"},
    {file = "numpy-2.3.3-cp313-cp313-macosx_11_0_arm64.whl", hash = "sha256:d00de139a3324e26ed5b95870ce63be7ec7352171bc69a4cf1f157a48e3eb6b7"},
    {file = "numpy-2.3.3-cp313-cp313-macosx_14_0_arm64.whl", hash = "sha256:9dc13c6a5829610cc07422bc74d3ac083bd8323f14e2827d992f9e52e22cd6a6"},
    {file = "numpy-2.3.3-cp313-cp313-macosx_14_0_x86_64.whl", hash = "sha256:d79715d95f1894771eb4e60fb23f065663b2298f7d22945d66877aadf33d00c7"},
    {file = "numpy-2.3.3-cp313-cp313-manylinux_2_27_aarch64.manylinux_2_28_aarch64.whl", hash = "sha256:952cfd0748514ea7c3afc729a0fc639e61655ce4c55ab9acfab14bda4f402b4c"},
    {file = "numpy-2.3.3-cp313-cp313-manylinux_2_27_x86_64.manylinux_2_28_x86_64.whl", hash = "sha256:5b83648633d46f77039c29078751f80da65aa64d5622a3cd62aaef9d835b6c93"},
    {file = "numpy-2.3.3-cp313-cp313-musllinux_1_2_aarch64.whl", hash = "sha256:b001bae8cea1c7dfdb2ae2b017ed0a6f2102d7a70059df1e338e307a4c78a8ae"},
    {file = "numpy-2.3.3-cp313-cp313-musllinux_1_2_x86_64.whl", hash = "sha256:8e9aced64054739037d42fb84c54dd38b81ee238816c948c8f3ed134665dcd86"},
    {file = "numpy-2.3.3-cp313-cp313-win32.whl", hash = "sha256:9591e1221db3f37751e6442850429b3aabf7026d3b05542d102944ca7f00c8a8"},
    {file = "numpy-2.3.3-cp313-cp313-win_amd64.whl", hash = "sha256:f0dadeb302887f07431910f67a14d57209ed91130be0adea2f9793f1a4f817cf"},
    {file = "numpy-2.3.3-cp313-cp313-win_arm64.whl", hash = "sha256:3c7cf302ac6e0b76a64c4aecf1a09e51abd9b01fc7feee80f6c43e3ab1b1dbc5"},
    {file = "numpy-2.3.3-cp313-cp313t-macosx_10_13_x86_64.whl", hash = "sha256:eda59e44957d272846bb407aad19f89dc6f58fecf3504bd144f4c5cf81a7eacc"},
    {file = "numpy-2.3.3-cp313-cp313t-macosx_11_0_arm64.whl", hash = "sha256:823d04112bc85ef5c4fda73ba24e6096c8f869931405a80aa8b0e604510a26bc"},
    {file = "numpy-2.3.3-cp313-cp313t-macosx_14_0_arm64.whl", hash = "sha256:40051003e03db4041aa325da2a0971ba41cf65714e65d296397cc0e32de6018b"},
    {file = "numpy-2.3.3-cp313-cp313t-macosx_14_0_x86_64.whl", hash = "sha256:6ee9086235dd6ab7ae75aba5662f582a81ced49f0f1c6de4260a78d8f2d91a19"},
    {file = "numpy-2.3.3-cp313-cp313t-manylinux_2_27_aarch64.manylinux_2_28_aarch64.whl", hash = "sha256:94fcaa68757c3e2e668ddadeaa86ab05499a70725811e582b6a9858dd472fb30"},
    {file = "numpy-2.3.3-cp313-cp313t-manylinux_2_27_x86_64.manylinux_2_28_x86_64.whl", hash = "sha256:da1a74b90e7483d6ce5244053399a614b1d6b7bc30a60d2f570e5071f8959d3e"},
    {file = "numpy-2.3.3-cp313-cp313t-musllinux_1_2_aarch64.whl", hash = "sha256:2990adf06d1ecee3b3dcbb4977dfab6e9f09807598d647f04d385d29e7a3c3d3"},
    {file = "numpy-2.3.3-cp313-cp313t-musllinux_1_2_x86_64.whl", hash = "sha256:ed635ff692483b8e3f0fcaa8e7eb8a75ee71aa6d975388224f70821421800cea"},
    {file = "numpy-2.3.3-cp313-cp313t-win32.whl", hash = "sha256:a333b4ed33d8dc2b373cc955ca57babc00cd6f9009991d9edc5ddbc1bac36bcd"},
    {file = "numpy-2.3.3-cp313-cp313t-win_amd64.whl", hash = "sha256:4384a169c4d8f97195980815d6fcad04933a7e1ab3b530921c3fef7a1c63426d"},
    {file = "numpy-2.3.3-cp313-cp313t-win_arm64.whl", hash = "sha256:75370986cc0bc66f4ce5110ad35aae6d182cc4ce6433c40ad151f53690130bf1"},
    {file = "numpy-2.3.3-cp314-cp314-macosx_10_13_x86_64.whl", hash = "sha256:cd052f1fa6a78dee696b58a914b7229ecfa41f0a6d96dc663c1220a55e137593"},
    {file = "numpy-2.3.3-cp314-cp314-macosx_11_0_arm64.whl", hash = "sha256:414a97499480067d305fcac9716c29cf4d0d76db6ebf0bf3cbce666677f12652"},
    {file = "numpy-2.3.3-cp314-cp314-macosx_14_0_arm64.whl", hash = "sha256:50a5fe69f135f88a2be9b6ca0481a68a136f6febe1916e4920e12f1a34e708a7"},
    {file = "numpy-2.3.3-cp314-cp314-macosx_14_0_x86_64.whl", hash = "sha256:b912f2ed2b67a129e6a601e9d93d4fa37bef67e54cac442a2f588a54afe5c67a"},
    {file = "numpy-2.3.3-cp314-cp314-manylinux_2_27_aarch64.manylinux_2_28_aarch64.whl", hash = "sha256:9e318ee0596d76d4cb3d78535dc005fa60e5ea348cd131a51e99d0bdbe0b54fe"},
    {file = "numpy-2.3.3-cp314-cp314-manylinux_2_27_x86_64.manylinux_2_28_x86_64.whl", hash = "sha256:ce020080e4a52426202bdb6f7691c65bb55e49f261f31a8f506c9f6bc7450421"},
    {file = "numpy-2.3.3-cp314-cp314-musllinux_1_2_aarch64.whl", hash = "sha256:e6687dc183aa55dae4a705b35f9c0f8cb178bcaa2f029b241ac5356221d5c021"},
    {file = "numpy-2.3.3-cp314-cp314-musllinux_1_2_x86_64.whl", hash = "sha256:d8f3b1080782469fdc1718c4ed1d22549b5fb12af0d57d35e992158a772a37cf"},
    {file = "numpy-2.3.3-cp314-cp314-win32.whl", hash = "sha256:cb248499b0bc3be66ebd6578b83e5acacf1d6cb2a77f2248ce0e40fbec5a76d0"},
    {file = "numpy-2.3.3-cp314-cp314-win_amd64.whl", hash = "sha256:691808c2b26b0f002a032c73255d0bd89751425f379f7bcd22d140db593a96e8"},
    {file = "numpy-2.3.3-cp314-cp314-win_arm64.whl", hash = "sha256:9ad12e976ca7b10f1774b03615a2a4bab8addce37ecc77394d8e986927dc0dfe"},
    {file = "numpy-2.3.3-cp314-cp314t-macosx_10_13_x86_64.whl", hash = "sha256:9cc48e09feb11e1db00b320e9d30a4151f7369afb96bd0e48d942d09da3a0d00"},
    {file = "numpy-2.3.3-cp314-cp314t-macosx_11_0_arm64.whl", hash = "sha256:901bf6123879b7f251d3631967fd574690734236075082078e0571977c6a8e6a"},
    {file = "numpy-2.3.3-cp314-cp314t-macosx_14_0_arm64.whl", hash = "sha256:7f025652034199c301049296b59fa7d52c7e625017cae4c75d8662e377bf487d"},
    {file = "numpy-2.3.3-cp314-cp314t-macosx_14_0_x86_64.whl", hash = "sha256:533ca5f6d325c80b6007d4d7fb1984c303553534191024ec6a524a4c92a5935a"},
    {file = "numpy-2.3.3-cp314-cp314t-manylinux_2_27_aarch64.manylinux_2_28_aarch64.whl", hash = "sha256:0edd58682a399824633b66885d699d7de982800053acf20be1eaa46d92009c54"},
    {file = "numpy-2.3.3-cp314-cp314t-manylinux_2_27_x86_64.manylinux_2_28_x86_64.whl", hash = "sha256:367ad5d8fbec5d9296d18478804a530f1191e24ab4d75ab408346ae88045d25e"},
    {file = "numpy-2.3.3-cp314-cp314t-musllinux_1_2_aarch64.whl", hash = "sha256:8f6ac61a217437946a1fa48d24c47c91a0c4f725237871117dea264982128097"},
    {file = "numpy-2.3.3-cp314-cp314t-musllinux_1_2_x86_64.whl", hash = "sha256:179a42101b845a816d464b6fe9a845dfaf308fdfc7925387195570789bb2c970"},
    {file = "numpy-2.3.3-cp314-cp314t-win32.whl", hash = "sha256:1250c5d3d2562ec4174bce2e3a1523041595f9b651065e4a4473f5f48a6bc8a5"},
    {file = "numpy-2.3.3-cp314-cp314t-win_amd64.whl", hash = "sha256:b37a0b2e5935409daebe82c1e42274d30d9dd355852529eab91dab8dcca7419f"},
    {file = "numpy-2.3.3-cp314-cp314t-win_arm64.whl", hash = "sha256:78c9f6560dc7e6b3990e32df7ea1a50bbd0e2a111e05209963f5ddcab7073b0b"},
    {file = "numpy-2.3.3-pp311-pypy311_pp73-macosx_10_15_x86_64.whl", hash = "sha256:1e02c7159791cd481e1e6d5ddd766b62a4d5acf8df4d4d1afe35ee9c5c33a41e"},
    {file = "numpy-2.3.3-pp311-pypy311_pp73-macosx_11_0_arm64.whl", hash = "sha256:dca2d0fc80b3893ae72197b39f69d55a3cd8b17ea1b50aa4c62de82419936150"},
    {file = "numpy-2.3.3-pp311-pypy311_pp73-macosx_14_0_arm64.whl", hash = "sha256:99683cbe0658f8271b333a1b1b4bb3173750ad59c0c61f5bbdc5b318918fffe3"},
    {file = "numpy-2.3.3-pp311-pypy311_pp73-macosx_14_0_x86_64.whl", hash = "sha256:d9d537a39cc9de668e5cd0e25affb17aec17b577c6b3ae8a3d866b479fbe88d0"},
    {file = "numpy-2.3.3-pp311-pypy311_pp73-manylinux_2_27_aarch64.manylinux_2_28_aarch64.whl", hash = "sha256:8596ba2f8af5f93b01d97563832686d20206d303024777f6dfc2e7c7c3f1850e"},
    {file = "numpy-2.3.3-pp311-pypy311_pp73-manylinux_2_27_x86_64.manylinux_2_28_x86_64.whl", hash = "sha256:e1ec5615b05369925bd1125f27df33f3b6c8bc10d788d5999ecd8769a1fa04db"},
    {file = "numpy-2.3.3-pp311-pypy311_pp73-win_amd64.whl", hash = "sha256:2e267c7da5bf7309670523896df97f93f6e469fb931161f483cd6882b3b1a5dc"},
    {file = "numpy-2.3.3.tar.gz", hash = "sha256:ddc7c39727ba62b80dfdbedf400d1c10ddfa8eefbd7ec8dcb118be8b56d31029"},
]

[[package]]
name = "openpyxl"
version = "3.1.5"
description = "A Python library to read/write Excel 2010 xlsx/xlsm files"
optional = false
python-versions = ">=3.8"
groups = ["main"]
files = [
    {file = "openpyxl-3.1.5-py2.py3-none-any.whl", hash = "sha256:5282c12b107bffeef825f4617dc029afaf41d0ea60823bbb665ef3079dc79de2"},
    {file = "openpyxl-3.1.5.tar.gz", hash = "sha256:cf0e3cf56142039133628b5acffe8ef0c12bc902d2aadd3e0fe5878dc08d1050"},
]

[package.dependencies]
et-xmlfile = "*"

[[package]]
name = "pandas"
version = "2.3.2"
description = "Powerful data structures for data analysis, time series, and statistics"
optional = false
python-versions = ">=3.9"
groups = ["main"]
files = [
    {file = "pandas-2.3.2-cp310-cp310-macosx_10_9_x86_64.whl", hash = "sha256:52bc29a946304c360561974c6542d1dd628ddafa69134a7131fdfd6a5d7a1a35"},
    {file = "pandas-2.3.2-cp310-cp310-macosx_11_0_arm64.whl", hash = "sha256:220cc5c35ffaa764dd5bb17cf42df283b5cb7fdf49e10a7b053a06c9cb48ee2b"},
    {file = "pandas-2.3.2-cp310-cp310-manylinux_2_17_aarch64.manylinux2014_aarch64.whl", hash = "sha256:42c05e15111221384019897df20c6fe893b2f697d03c811ee67ec9e0bb5a3424"},
    {file = "pandas-2.3.2-cp310-cp310-manylinux_2_17_x86_64.manylinux2014_x86_64.whl", hash = "sha256:cc03acc273c5515ab69f898df99d9d4f12c4d70dbfc24c3acc6203751d0804cf"},
    {file = "pandas-2.3.2-cp310-cp310-musllinux_1_2_aarch64.whl", hash = "sha256:d25c20a03e8870f6339bcf67281b946bd20b86f1a544ebbebb87e66a8d642cba"},
    {file = "pandas-2.3.2-cp310-cp310-musllinux_1_2_x86_64.whl", hash = "sha256:21bb612d148bb5860b7eb2c10faacf1a810799245afd342cf297d7551513fbb6"},
    {file = "pandas-2.3.2-cp310-cp310-win_amd64.whl", hash = "sha256:b62d586eb25cb8cb70a5746a378fc3194cb7f11ea77170d59f889f5dfe3cec7a"},
    {file = "pandas-2.3.2-cp311-cp311-macosx_10_9_x86_64.whl", hash = "sha256:1333e9c299adcbb68ee89a9bb568fc3f20f9cbb419f1dd5225071e6cddb2a743"},
    {file = "pandas-2.3.2-cp311-cp311-macosx_11_0_arm64.whl", hash = "sha256:76972bcbd7de8e91ad5f0ca884a9f2c477a2125354af624e022c49e5bd0dfff4"},
    {file = "pandas-2.3.2-cp311-cp311-manylinux_2_17_aarch64.manylinux2014_aarch64.whl", hash = "sha256:b98bdd7c456a05eef7cd21fd6b29e3ca243591fe531c62be94a2cc987efb5ac2"},
    {file = "pandas-2.3.2-cp311-cp311-manylinux_2_17_x86_64.manylinux2014_x86_64.whl", hash = "sha256:1d81573b3f7db40d020983f78721e9bfc425f411e616ef019a10ebf597aedb2e"},
    {file = "pandas-2.3.2-cp311-cp311-musllinux_1_2_aarch64.whl", hash = "sha256:e190b738675a73b581736cc8ec71ae113d6c3768d0bd18bffa5b9a0927b0b6ea"},
    {file = "pandas-2.3.2-cp311-cp311-musllinux_1_2_x86_64.whl", hash = "sha256:c253828cb08f47488d60f43c5fc95114c771bbfff085da54bfc79cb4f9e3a372"},
    {file = "pandas-2.3.2-cp311-cp311-win_amd64.whl", hash = "sha256:9467697b8083f9667b212633ad6aa4ab32436dcbaf4cd57325debb0ddef2012f"},
    {file = "pandas-2.3.2-cp312-cp312-macosx_10_13_x86_64.whl", hash = "sha256:3fbb977f802156e7a3f829e9d1d5398f6192375a3e2d1a9ee0803e35fe70a2b9"},
    {file = "pandas-2.3.2-cp312-cp312-macosx_11_0_arm64.whl", hash = "sha256:1b9b52693123dd234b7c985c68b709b0b009f4521000d0525f2b95c22f15944b"},
    {file = "pandas-2.3.2-cp312-cp312-manylinux_2_17_aarch64.manylinux2014_aarch64.whl", hash = "sha256:0bd281310d4f412733f319a5bc552f86d62cddc5f51d2e392c8787335c994175"},
    {file = "pandas-2.3.2-cp312-cp312-manylinux_2_17_x86_64.manylinux2014_x86_64.whl", hash = "sha256:96d31a6b4354e3b9b8a2c848af75d31da390657e3ac6f30c05c82068b9ed79b9"},
    {file = "pandas-2.3.2-cp312-cp312-musllinux_1_2_aarch64.whl", hash = "sha256:df4df0b9d02bb873a106971bb85d448378ef14b86ba96f035f50bbd3688456b4"},
    {file = "pandas-2.3.2-cp312-cp312-musllinux_1_2_x86_64.whl", hash = "sha256:213a5adf93d020b74327cb2c1b842884dbdd37f895f42dcc2f09d451d949f811"},
    {file = "pandas-2.3.2-cp312-cp312-win_amd64.whl", hash = "sha256:8c13b81a9347eb8c7548f53fd9a4f08d4dfe996836543f805c987bafa03317ae"},
    {file = "pandas-2.3.2-cp313-cp313-macosx_10_13_x86_64.whl", hash = "sha256:0c6ecbac99a354a051ef21c5307601093cb9e0f4b1855984a084bfec9302699e"},
    {file = "pandas-2.3.2-cp313-cp313-macosx_11_0_arm64.whl", hash = "sha256:c6f048aa0fd080d6a06cc7e7537c09b53be6642d330ac6f54a600c3ace857ee9"},
    {file = "pandas-2.3.2-cp313-cp313-manylinux_2_17_aarch64.manylinux2014_aarch64.whl", hash = "sha256:0064187b80a5be6f2f9c9d6bdde29372468751dfa89f4211a3c5871854cfbf7a"},
    {file = "pandas-2.3.2-cp313-cp313-manylinux_2_17_x86_64.manylinux2014_x86_64.whl", hash = "sha256:4ac8c320bded4718b298281339c1a50fb00a6ba78cb2a63521c39bec95b0209b"},
    {file = "pandas-2.3.2-cp313-cp313-musllinux_1_2_aarch64.whl", hash = "sha256:114c2fe4f4328cf98ce5716d1532f3ab79c5919f95a9cfee81d9140064a2e4d6"},
    {file = "pandas-2.3.2-cp313-cp313-musllinux_1_2_x86_64.whl", hash = "sha256:48fa91c4dfb3b2b9bfdb5c24cd3567575f4e13f9636810462ffed8925352be5a"},
    {file = "pandas-2.3.2-cp313-cp313-win_amd64.whl", hash = "sha256:12d039facec710f7ba305786837d0225a3444af7bbd9c15c32ca2d40d157ed8b"},
    {file = "pandas-2.3.2-cp313-cp313t-macosx_10_13_x86_64.whl", hash = "sha256:c624b615ce97864eb588779ed4046186f967374185c047070545253a52ab2d57"},
    {file = "pandas-2.3.2-cp313-cp313t-macosx_11_0_arm64.whl", hash = "sha256:0cee69d583b9b128823d9514171cabb6861e09409af805b54459bd0c821a35c2"},
    {file = "pandas-2.3.2-cp313-cp313t-manylinux_2_17_aarch64.manylinux2014_aarch64.whl", hash = "sha256:2319656ed81124982900b4c37f0e0c58c015af9a7bbc62342ba5ad07ace82ba9"},
    {file = "pandas-2.3.2-cp313-cp313t-manylinux_2_17_x86_64.manylinux2014_x86_64.whl", hash = "sha256:b37205ad6f00d52f16b6d09f406434ba928c1a1966e2771006a9033c736d30d2"},
    {file = "pandas-2.3.2-cp313-cp313t-musllinux_1_2_aarch64.whl", hash = "sha256:837248b4fc3a9b83b9c6214699a13f069dc13510a6a6d7f9ba33145d2841a012"},
    {file = "pandas-2.3.2-cp313-cp313t-musllinux_1_2_x86_64.whl", hash = "sha256:d2c3554bd31b731cd6490d94a28f3abb8dd770634a9e06eb6d2911b9827db370"},
    {file = "pandas-2.3.2-cp39-cp39-macosx_10_9_x86_64.whl", hash = "sha256:88080a0ff8a55eac9c84e3ff3c7665b3b5476c6fbc484775ca1910ce1c3e0b87"},
    {file = "pandas-2.3.2-cp39-cp39-macosx_11_0_arm64.whl", hash = "sha256:d4a558c7620340a0931828d8065688b3cc5b4c8eb674bcaf33d18ff4a6870b4a"},
    {file = "pandas-2.3.2-cp39-cp39-manylinux_2_17_aarch64.manylinux2014_aarch64.whl", hash = "sha256:45178cf09d1858a1509dc73ec261bf5b25a625a389b65be2e47b559905f0ab6a"},
    {file = "pandas-2.3.2-cp39-cp39-manylinux_2_17_x86_64.manylinux2014_x86_64.whl", hash = "sha256:77cefe00e1b210f9c76c697fedd8fdb8d3dd86563e9c8adc9fa72b90f5e9e4c2"},
    {file = "pandas-2.3.2-cp39-cp39-musllinux_1_2_aarch64.whl", hash = "sha256:13bd629c653856f00c53dc495191baa59bcafbbf54860a46ecc50d3a88421a96"},
    {file = "pandas-2.3.2-cp39-cp39-musllinux_1_2_x86_64.whl", hash = "sha256:36d627906fd44b5fd63c943264e11e96e923f8de77d6016dc2f667b9ad193438"},
    {file = "pandas-2.3.2-cp39-cp39-win_amd64.whl", hash = "sha256:a9d7ec92d71a420185dec44909c32e9a362248c4ae2238234b76d5be37f208cc"},
    {file = "pandas-2.3.2.tar.gz", hash = "sha256:ab7b58f8f82706890924ccdfb5f48002b83d2b5a3845976a9fb705d36c34dcdb"},
]

[package.dependencies]
numpy = [
    {version = ">=1.23.2", markers = "python_version == \"3.11\""},
    {version = ">=1.26.0", markers = "python_version >= \"3.12\""},
]
python-dateutil = ">=2.8.2"
pytz = ">=2020.1"
tzdata = ">=2022.7"

[package.extras]
all = ["PyQt5 (>=5.15.9)", "SQLAlchemy (>=2.0.0)", "adbc-driver-postgresql (>=0.8.0)", "adbc-driver-sqlite (>=0.8.0)", "beautifulsoup4 (>=4.11.2)", "bottleneck (>=1.3.6)", "dataframe-api-compat (>=0.1.7)", "fastparquet (>=2022.12.0)", "fsspec (>=2022.11.0)", "gcsfs (>=2022.11.0)", "html5lib (>=1.1)", "hypothesis (>=6.46.1)", "jinja2 (>=3.1.2)", "lxml (>=4.9.2)", "matplotlib (>=3.6.3)", "numba (>=0.56.4)", "numexpr (>=2.8.4)", "odfpy (>=1.4.1)", "openpyxl (>=3.1.0)", "pandas-gbq (>=0.19.0)", "psycopg2 (>=2.9.6)", "pyarrow (>=10.0.1)", "pymysql (>=1.0.2)", "pyreadstat (>=1.2.0)", "pytest (>=7.3.2)", "pytest-xdist (>=2.2.0)", "python-calamine (>=0.1.7)", "pyxlsb (>=1.0.10)", "qtpy (>=2.3.0)", "s3fs (>=2022.11.0)", "scipy (>=1.10.0)", "tables (>=3.8.0)", "tabulate (>=0.9.0)", "xarray (>=2022.12.0)", "xlrd (>=2.0.1)", "xlsxwriter (>=3.0.5)", "zstandard (>=0.19.0)"]
aws = ["s3fs (>=2022.11.0)"]
clipboard = ["PyQt5 (>=5.15.9)", "qtpy (>=2.3.0)"]
compression = ["zstandard (>=0.19.0)"]
computation = ["scipy (>=1.10.0)", "xarray (>=2022.12.0)"]
consortium-standard = ["dataframe-api-compat (>=0.1.7)"]
excel = ["odfpy (>=1.4.1)", "openpyxl (>=3.1.0)", "python-calamine (>=0.1.7)", "pyxlsb (>=1.0.10)", "xlrd (>=2.0.1)", "xlsxwriter (>=3.0.5)"]
feather = ["pyarrow (>=10.0.1)"]
fss = ["fsspec (>=2022.11.0)"]
gcp = ["gcsfs (>=2022.11.0)", "pandas-gbq (>=0.19.0)"]
hdf5 = ["tables (>=3.8.0)"]
html = ["beautifulsoup4 (>=4.11.2)", "html5lib (>=1.1)", "lxml (>=4.9.2)"]
mysql = ["SQLAlchemy (>=2.0.0)", "pymysql (>=1.0.2)"]
output-formatting = ["jinja2 (>=3.1.2)", "tabulate (>=0.9.0)"]
parquet = ["pyarrow (>=10.0.1)"]
performance = ["bottleneck (>=1.3.6)", "numba (>=0.56.4)", "numexpr (>=2.8.4)"]
plot = ["matplotlib (>=3.6.3)"]
postgresql = ["SQLAlchemy (>=2.0.0)", "adbc-driver-postgresql (>=0.8.0)", "psycopg2 (>=2.9.6)"]
pyarrow = ["pyarrow (>=10.0.1)"]
spss = ["pyreadstat (>=1.2.0)"]
sql-other = ["SQLAlchemy (>=2.0.0)", "adbc-driver-postgresql (>=0.8.0)", "adbc-driver-sqlite (>=0.8.0)"]
test = ["hypothesis (>=6.46.1)", "pytest (>=7.3.2)", "pytest-xdist (>=2.2.0)"]
xml = ["lxml (>=4.9.2)"]

[[package]]
name = "ply"
version = "3.11"
description = "Python Lex & Yacc"
optional = false
python-versions = "*"
groups = ["main"]
files = [
    {file = "ply-3.11-py2.py3-none-any.whl", hash = "sha256:096f9b8350b65ebd2fd1346b12452efe5b9607f7482813ffca50c22722a807ce"},
    {file = "ply-3.11.tar.gz", hash = "sha256:00c7c1aaa88358b9c765b6d3000c6eec0ba42abca5351b095321aef446081da3"},
]

[[package]]
name = "pyomo"
version = "6.9.4"
description = "The Pyomo optimization modeling framework"
optional = false
python-versions = ">=3.9"
groups = ["main"]
files = [
    {file = "pyomo-6.9.4-cp310-cp310-macosx_10_9_x86_64.whl", hash = "sha256:7de575b80e17edf59f393e7fb4dd7b33eda071f1ced65b464b156ceaf076d738"},
    {file = "pyomo-6.9.4-cp310-cp310-macosx_11_0_arm64.whl", hash = "sha256:3986f6bc445c187255df1f50895cfb2c733cd62a03cd6d8dfde427d6b113c79d"},
    {file = "pyomo-6.9.4-cp310-cp310-manylinux_2_24_aarch64.manylinux_2_28_aarch64.whl", hash = "sha256:b32eb679410ce65614e22a95f63c587286537ecb03b0c786ba1044fe56c5d83b"},
    {file = "pyomo-6.9.4-cp310-cp310-manylinux_2_24_x86_64.manylinux_2_28_x86_64.whl", hash = "sha256:87fb4034e8345f6a7733fd8510855f37ec7c0cf0f0f8fe185bfd0107a0780d73"},
    {file = "pyomo-6.9.4-cp310-cp310-win_amd64.whl", hash = "sha256:396c4c569af906abce57b73d6acc3f9bf2e0f6902c030a82f12247e17f125590"},
    {file = "pyomo-6.9.4-cp310-cp310-win_arm64.whl", hash = "sha256:4615404d46d3ffbd5eefa20e7c6069c34a568697b94ddd7a5b9a72a531f3dd7e"},
    {file = "pyomo-6.9.4-cp311-cp311-macosx_10_9_x86_64.whl", hash = "sha256:81387bd2dcbc734c2bfeb3de1fc15e90d2ecf76f4985c77dc5aa7f608c9bcc34"},
    {file = "pyomo-6.9.4-cp311-cp311-macosx_11_0_arm64.whl", hash = "sha256:dbe6c5c86b1f3eea9da632121df473608b56d48c97191c046c1eb6b48762abd4"},
    {file = "pyomo-6.9.4-cp311-cp311-manylinux_2_24_aarch64.manylinux_2_28_aarch64.whl", hash = "sha256:66752c5653e77179bc0c980cf10f6ecea03ee03e158c3b72cf33d1f947970ae0"},
    {file = "pyomo-6.9.4-cp311-cp311-manylinux_2_24_x86_64.manylinux_2_28_x86_64.whl", hash = "sha256:3d47465a05f936b51df5d8fd872f766f0b7379ca4d9d43a8fb2b555aecbcb262"},
    {file = "pyomo-6.9.4-cp312-cp312-macosx_10_13_x86_64.whl", hash = "sha256:cc3cd52c143991071821bbb9943d2a59512481b5d15adb7add32f92def4172ce"},
    {file = "pyomo-6.9.4-cp312-cp312-macosx_11_0_arm64.whl", hash = "sha256:3a5e1dc79e1a2ec1f6247f0df59ac3572781e40218093a624f9213dd3ae6913f"},
    {file = "pyomo-6.9.4-cp312-cp312-manylinux_2_24_aarch64.manylinux_2_28_aarch64.whl", hash = "sha256:abea6ca55295b179c1c91184db4eece7589cfd6099869eff8e3e6aa8a06463d1"},
    {file = "pyomo-6.9.4-cp312-cp312-manylinux_2_24_x86_64.manylinux_2_28_x86_64.whl", hash = "sha256:ddd48dec34b270ca2621863a216c4f3a6fcc409db86a7dc34c31eb788a44b8c6"},
    {file = "pyomo-6.9.4-cp313-cp313-macosx_10_13_x86_64.whl", hash = "sha256:e1a768a178ae3f0391c66e2334da3d1618c9c85c9d879bc86de441efd143f491"},
    {file = "pyomo-6.9.4-cp313-cp313-macosx_11_0_arm64.whl", hash = "sha256:09cde10e5fe8414f453d1ed3bccef1b42fc048fc2da0a9c936e40b2f877201bf"},
    {file = "pyomo-6.9.4-cp313-cp313-manylinux_2_24_aarch64.manylinux_2_28_aarch64.whl", hash = "sha256:df3e173d330666f881258deefa79f37373b941d4a5b00edc6aa5b10680720dc1"},
    {file = "pyomo-6.9.4-cp313-cp313-manylinux_2_24_x86_64.manylinux_2_28_x86_64.whl", hash = "sha256:8a13baebcdb05deadeb0ec4b04ecedffa65f1e86179418fa67e603a4f8f1bf17"},
    {file = "pyomo-6.9.4-cp39-cp39-macosx_10_9_x86_64.whl", hash = "sha256:e196371dddc94fe77ec6ce800d7fec70878a0d350e368939bd9bbd95170ab522"},
    {file = "pyomo-6.9.4-cp39-cp39-macosx_11_0_arm64.whl", hash = "sha256:f4b130a97e0b755104e39df7acc0cc41e2c2fbefc4252f15a541d73f20494848"},
    {file = "pyomo-6.9.4-cp39-cp39-manylinux_2_24_aarch64.manylinux_2_28_aarch64.whl", hash = "sha256:9112a661d19484bd3ad0016cae008e542dda467f2cf0b13703f11f82ba8944f8"},
    {file = "pyomo-6.9.4-cp39-cp39-manylinux_2_24_x86_64.manylinux_2_28_x86_64.whl", hash = "sha256:523d4dbdece18ec4b0d53ad83637cec7f4f5d340794d37a2e8f9c9c31b1180ff"},
    {file = "pyomo-6.9.4-cp39-cp39-win_amd64.whl", hash = "sha256:fb48baeef88f7b770ba77e330d0a93f644163194e78266bc0af4692280d52551"},
    {file = "pyomo-6.9.4-cp39-cp39-win_arm64.whl", hash = "sha256:47145bfe5f3f2c9881fe349c639b7132084c588fff9c5631a082bd976e424b75"},
    {file = "pyomo-6.9.4-py3-none-any.whl", hash = "sha256:a274d74616c0b793279931f3b2175a31f9c63213f2d7b86c14d168c6c264f782"},
    {file = "pyomo-6.9.4.tar.gz", hash = "sha256:34ad22cd6bf9956de9c0d3842d01c1f92dee0515b25aa3e8f113b326549b1231"},
]

[package.dependencies]
ply = "*"

[package.extras]
docs = ["Sphinx (>4,!=8.2.0)", "numpy", "scipy", "sphinx-copybutton", "sphinx_rtd_theme (>0.5)", "sphinxcontrib-jsmath", "sphinxcontrib-napoleon"]
optional = ["casadi ; implementation_name != \"pypy\"", "dill", "ipython", "linear-tree", "matplotlib (>=3.6.0,!=3.6.1)", "networkx (<3.2) ; python_version < \"3.9\"", "networkx ; python_version >= \"3.9\"", "numdifftools ; implementation_name != \"pypy\"", "numpy", "openpyxl", "packaging", "pandas ; implementation_name != \"pypy\"", "pint", "plotly", "python-louvain", "pywin32 ; platform_system == \"Windows\"", "pyyaml", "qtconsole", "scikit-learn (<1.7.0) ; implementation_name != \"pypy\"", "scipy", "seaborn ; implementation_name != \"pypy\"", "sympy", "xlrd", "z3-solver"]
tests = ["coverage", "parameterized", "pybind11", "pytest", "pytest-parallel"]

[[package]]
name = "python-dateutil"
version = "2.9.0.post0"
description = "Extensions to the standard Python datetime module"
optional = false
python-versions = "!=3.0.*,!=3.1.*,!=3.2.*,>=2.7"
groups = ["main"]
files = [
    {file = "python-dateutil-2.9.0.post0.tar.gz", hash = "sha256:37dd54208da7e1cd875388217d5e00ebd4179249f90fb72437e91a35459a0ad3"},
    {file = "python_dateutil-2.9.0.post0-py2.py3-none-any.whl", hash = "sha256:a8b2bc7bffae282281c8140a97d3aa9c14da0b136dfe83f850eea9a5f7470427"},
]

[package.dependencies]
six = ">=1.5"

[[package]]
name = "pytz"
version = "2025.2"
description = "World timezone definitions, modern and historical"
optional = false
python-versions = "*"
groups = ["main"]
files = [
    {file = "pytz-2025.2-py2.py3-none-any.whl", hash = "sha256:5ddf76296dd8c44c26eb8f4b6f35488f3ccbf6fbbd7adee0b7262d43f0ec2f00"},
    {file = "pytz-2025.2.tar.gz", hash = "sha256:360b9e3dbb49a209c21ad61809c7fb453643e048b38924c765813546746e81c3"},
]

[[package]]
name = "six"
version = "1.17.0"
description = "Python 2 and 3 compatibility utilities"
optional = false
python-versions = "!=3.0.*,!=3.1.*,!=3.2.*,>=2.7"
groups = ["main"]
files = [
    {file = "six-1.17.0-py2.py3-none-any.whl", hash = "sha256:4721f391ed90541fddacab5acf947aa0d3dc7d27b2e1e8eda2be8970586c3274"},
    {file = "six-1.17.0.tar.gz", hash = "sha256:ff70335d468e7eb6ec65b95b99d3a2836546063f63acc5171de367e834932a81"},
]

[[package]]
name = "tzdata"
version = "2025.2"
description = "Provider of IANA time zone data"
optional = false
python-versions = ">=2"
groups = ["main"]
files = [
    {file = "tzdata-2025.2-py2.py3-none-any.whl", hash = "sha256:1a403fada01ff9221ca8044d701868fa132215d84beb92242d9acd2147f667a8"},
    {file = "tzdata-2025.2.tar.gz", hash = "sha256:b60a638fcc0daffadf82fe0f57e53d06bdec2f36c4df66280ae79bce6bd6f2b9"},
]

[metadata]
lock-version = "2.1"
python-versions = ">=3.11"
content-hash = "6c239cc1a3e09da53bca6e2e380eec9f128ab48fdd6d46c500fa6a60e4032de2"
